{
  "name": "async_await_promises",
  "lockfileVersion": 2,
  "requires": true,
  "packages": {
    "": {
      "dependencies": {
        "@sanjo/request": "^0.3.0"
      }
    },
    "node_modules/@sanjo/request": {
      "version": "0.3.0",
      "resolved": "https://registry.npmjs.org/@sanjo/request/-/request-0.3.0.tgz",
      "integrity": "sha512-MYuYl5qu5VWrU4cOdKAjS4NQNanRdoLtc4JY/Dc7apkk+Z/JaxHsePXYt3tm9XsltPp3wkZHt73a1IbDc2Szqw=="
    }
  },
  "dependencies": {
    "@sanjo/request": {
      "version": "0.3.0",
      "resolved": "https://registry.npmjs.org/@sanjo/request/-/request-0.3.0.tgz",
      "integrity": "sha512-MYuYl5qu5VWrU4cOdKAjS4NQNanRdoLtc4JY/Dc7apkk+Z/JaxHsePXYt3tm9XsltPp3wkZHt73a1IbDc2Szqw=="
    }
  }
}
